
Microsoft Visual Studio Solution File, Format Version 12.00
# Visual Studio 15
VisualStudioVersion = 15.0.26730.16
MinimumVisualStudioVersion = 10.0.40219.1
Project("{FAE04EC0-301F-11D3-BF4B-00C04F79EFBC}") = "Sequences", "Sequences\Sequences.csproj", "{6220EE66-F8EB-4CDE-B1F7-90C8B1900D85}"
EndProject
Global
	GlobalSection(SolutionConfigurationPlatforms) = preSolution
		Debug|Any CPU = Debug|Any CPU
		Release|Any CPU = Release|Any CPU
	EndGlobalSection
	GlobalSection(ProjectConfigurationPlatforms) = postSolution
		{6220EE66-F8EB-4CDE-B1F7-90C8B1900D85}.Debug|Any CPU.ActiveCfg = Debug|Any CPU
		{6220EE66-F8EB-4CDE-B1F7-90C8B1900D85}.Debug|Any CPU.Build.0 = Debug|Any CPU
		{6220EE66-F8EB-4CDE-B1F7-90C8B1900D85}.Release|Any CPU.ActiveCfg = Release|Any CPU
		{6220EE66-F8EB-4CDE-B1F7-90C8B1900D85}.Release|Any CPU.Build.0 = Release|Any CPU
	EndGlobalSection
	GlobalSection(SolutionProperties) = preSolution
		HideSolutionNode = FALSE
	EndGlobalSection
	GlobalSection(ExtensibilityGlobals) = postSolution
		SolutionGuid = {8CE64CDE-07A2-4169-876C-39F21078C5B6}
	EndGlobalSection
EndGlobal
